{
  "name": "mock-store",
  "lockfileVersion": 3,
  "requires": true,
  "packages": {
    "": {
      "dependencies": {
        "mock-store": "file:.."
      }
    },
    "..": {
      "version": "1.0.0",
      "dependencies": {
        "express": "^4.21.1"
      }
    },
    "node_modules/mock-store": {
      "resolved": "..",
      "link": true
    }
  }
}
